
Microsoft Visual Studio Solution File, Format Version 12.00
# Visual Studio Version 17
VisualStudioVersion = 17.4.33122.133
MinimumVisualStudioVersion = 10.0.40219.1
Project("{FAE04EC0-301F-11D3-BF4B-00C04F79EFBC}") = "CreateAuthorize", "CreateAuthorize\CreateAuthorize.csproj", "{CC103498-DA9F-40CF-B498-D9E09111BB4E}"
EndProject
Global
	GlobalSection(SolutionConfigurationPlatforms) = preSolution
		Debug|Any CPU = Debug|Any CPU
		Release|Any CPU = Release|Any CPU
	EndGlobalSection
	GlobalSection(ProjectConfigurationPlatforms) = postSolution
		{CC103498-DA9F-40CF-B498-D9E09111BB4E}.Debug|Any CPU.ActiveCfg = Debug|Any CPU
		{CC103498-DA9F-40CF-B498-D9E09111BB4E}.Debug|Any CPU.Build.0 = Debug|Any CPU
		{CC103498-DA9F-40CF-B498-D9E09111BB4E}.Release|Any CPU.ActiveCfg = Release|Any CPU
		{CC103498-DA9F-40CF-B498-D9E09111BB4E}.Release|Any CPU.Build.0 = Release|Any CPU
	EndGlobalSection
	GlobalSection(SolutionProperties) = preSolution
		HideSolutionNode = FALSE
	EndGlobalSection
	GlobalSection(ExtensibilityGlobals) = postSolution
		SolutionGuid = {C43DF038-6D4A-4DDA-8619-D3771A7D46BC}
	EndGlobalSection
EndGlobal
